{
  "version": 4,
  "terraform_version": "1.13.3",
  "serial": 8,
  "lineage": "4b6a2422-b70a-e6d6-47ee-2476f8029b9e",
  "outputs": {
    "bucket_arn": {
      "value": "arn:aws:s3:::notifications-bucket-enoch-v110",
      "type": "string"
    },
    "bucket_name": {
      "value": "notifications-bucket-enoch-v110",
      "type": "string"
    },
    "notification_configuration": {
      "value": "S3 events are being sent to SQS queue: s3-notifications-queue-v110",
      "type": "string"
    },
    "notification_events": {
      "value": [
        "s3:ObjectCreated:*",
        "s3:ObjectRemoved:*",
        "s3:ObjectTagging:*"
      ],
      "type": [
        "list",
        "string"
      ]
    },
    "notifications_enabled": {
      "value": true,
      "type": "bool"
    },
    "sqs_queue_arn": {
      "value": "arn:aws:sqs:us-east-1:978820380225:s3-notifications-queue-v110",
      "type": "string"
    },
    "sqs_queue_name": {
      "value": "s3-notifications-queue-v110",
      "type": "string"
    },
    "sqs_queue_url": {
      "value": "https://sqs.us-east-1.amazonaws.com/978820380225/s3-notifications-queue-v110",
      "type": "string"
    }
  },
  "resources": [
    {
      "mode": "data",
      "type": "aws_caller_identity",
      "name": "current",
      "provider": "provider[\"registry.terraform.io/hashicorp/aws\"]",
      "instances": [
        {
          "schema_version": 0,
          "attributes": {
            "account_id": "978820380225",
            "arn": "arn:aws:iam::978820380225:user/stack_prog",
            "id": "978820380225",
            "user_id": "AIDA6HZR5WZAUP6G5GGNJ"
          },
          "sensitive_attributes": [],
          "identity_schema_version": 0
        }
      ]
    },
    {
      "mode": "managed",
      "type": "aws_s3_bucket",
      "name": "notifications",
      "provider": "provider[\"registry.terraform.io/hashicorp/aws\"]",
      "instances": [
        {
          "schema_version": 0,
          "attributes": {
            "acceleration_status": "",
            "acl": null,
            "arn": "arn:aws:s3:::notifications-bucket-enoch-v110",
            "bucket": "notifications-bucket-enoch-v110",
            "bucket_domain_name": "notifications-bucket-enoch-v110.s3.amazonaws.com",
            "bucket_prefix": "",
            "bucket_region": "us-east-1",
            "bucket_regional_domain_name": "notifications-bucket-enoch-v110.s3.us-east-1.amazonaws.com",
            "cors_rule": [],
            "force_destroy": true,
            "grant": [
              {
                "id": "3d3e266660e197e96a85819a1789eeb6ed4debd685ae35c5b2343bccce0c3ec7",
                "permissions": [
                  "FULL_CONTROL"
                ],
                "type": "CanonicalUser",
                "uri": ""
              }
            ],
            "hosted_zone_id": "Z3AQBSTGFYJSTF",
            "id": "notifications-bucket-enoch-v110",
            "lifecycle_rule": [],
            "logging": [],
            "object_lock_configuration": [],
            "object_lock_enabled": false,
            "policy": "",
            "region": "us-east-1",
            "replication_configuration": [],
            "request_payer": "BucketOwner",
            "server_side_encryption_configuration": [
              {
                "rule": [
                  {
                    "apply_server_side_encryption_by_default": [
                      {
                        "kms_master_key_id": "",
                        "sse_algorithm": "AES256"
                      }
                    ],
                    "bucket_key_enabled": false
                  }
                ]
              }
            ],
            "tags": null,
            "tags_all": {},
            "timeouts": null,
            "versioning": [
              {
                "enabled": false,
                "mfa_delete": false
              }
            ],
            "website": [],
            "website_domain": null,
            "website_endpoint": null
          },
          "sensitive_attributes": [],
          "identity_schema_version": 0,
          "identity": {
            "account_id": "978820380225",
            "bucket": "notifications-bucket-enoch-v110",
            "region": "us-east-1"
          },
          "private": "eyJlMmJmYjczMC1lY2FhLTExZTYtOGY4OC0zNDM2M2JjN2M0YzAiOnsiY3JlYXRlIjoxMjAwMDAwMDAwMDAwLCJkZWxldGUiOjM2MDAwMDAwMDAwMDAsInJlYWQiOjEyMDAwMDAwMDAwMDAsInVwZGF0ZSI6MTIwMDAwMDAwMDAwMH19"
        }
      ]
    },
    {
      "mode": "managed",
      "type": "aws_s3_bucket_notification",
      "name": "bucket_notification",
      "provider": "provider[\"registry.terraform.io/hashicorp/aws\"]",
      "instances": [
        {
          "index_key": 0,
          "schema_version": 0,
          "attributes": {
            "bucket": "notifications-bucket-enoch-v110",
            "eventbridge": false,
            "id": "notifications-bucket-enoch-v110",
            "lambda_function": [],
            "queue": [],
            "region": "us-east-1",
            "topic": []
          },
          "sensitive_attributes": [],
          "identity_schema_version": 0,
          "identity": {
            "account_id": "978820380225",
            "bucket": "notifications-bucket-enoch-v110",
            "region": "us-east-1"
          },
          "private": "bnVsbA==",
          "dependencies": [
            "aws_s3_bucket.notifications",
            "aws_sqs_queue.s3_notifications",
            "aws_sqs_queue_policy.s3_notifications_policy"
          ]
        }
      ]
    },
    {
      "mode": "managed",
      "type": "aws_s3_bucket_public_access_block",
      "name": "notifications",
      "provider": "provider[\"registry.terraform.io/hashicorp/aws\"]",
      "instances": [
        {
          "schema_version": 0,
          "attributes": {
            "block_public_acls": true,
            "block_public_policy": true,
            "bucket": "notifications-bucket-enoch-v110",
            "id": "notifications-bucket-enoch-v110",
            "ignore_public_acls": true,
            "region": "us-east-1",
            "restrict_public_buckets": true,
            "skip_destroy": null
          },
          "sensitive_attributes": [],
          "identity_schema_version": 0,
          "identity": {
            "account_id": "978820380225",
            "bucket": "notifications-bucket-enoch-v110",
            "region": "us-east-1"
          },
          "private": "bnVsbA==",
          "dependencies": [
            "aws_s3_bucket.notifications"
          ]
        }
      ]
    },
    {
      "mode": "managed",
      "type": "aws_s3_bucket_server_side_encryption_configuration",
      "name": "notifications",
      "provider": "provider[\"registry.terraform.io/hashicorp/aws\"]",
      "instances": [
        {
          "schema_version": 0,
          "attributes": {
            "bucket": "notifications-bucket-enoch-v110",
            "expected_bucket_owner": "",
            "id": "notifications-bucket-enoch-v110",
            "region": "us-east-1",
            "rule": [
              {
                "apply_server_side_encryption_by_default": [
                  {
                    "kms_master_key_id": "",
                    "sse_algorithm": "AES256"
                  }
                ],
                "bucket_key_enabled": null
              }
            ]
          },
          "sensitive_attributes": [],
          "identity_schema_version": 0,
          "identity": {
            "account_id": "978820380225",
            "bucket": "notifications-bucket-enoch-v110",
            "expected_bucket_owner": null,
            "region": "us-east-1"
          },
          "private": "bnVsbA==",
          "dependencies": [
            "aws_s3_bucket.notifications"
          ]
        }
      ]
    },
    {
      "mode": "managed",
      "type": "aws_s3_bucket_versioning",
      "name": "notifications",
      "provider": "provider[\"registry.terraform.io/hashicorp/aws\"]",
      "instances": [
        {
          "schema_version": 0,
          "attributes": {
            "bucket": "notifications-bucket-enoch-v110",
            "expected_bucket_owner": "",
            "id": "notifications-bucket-enoch-v110",
            "mfa": null,
            "region": "us-east-1",
            "versioning_configuration": [
              {
                "mfa_delete": "",
                "status": "Enabled"
              }
            ]
          },
          "sensitive_attributes": [],
          "identity_schema_version": 0,
          "identity": {
            "account_id": "978820380225",
            "bucket": "notifications-bucket-enoch-v110",
            "expected_bucket_owner": null,
            "region": "us-east-1"
          },
          "private": "bnVsbA==",
          "dependencies": [
            "aws_s3_bucket.notifications"
          ]
        }
      ]
    },
    {
      "mode": "managed",
      "type": "aws_sqs_queue",
      "name": "s3_notifications",
      "provider": "provider[\"registry.terraform.io/hashicorp/aws\"]",
      "instances": [
        {
          "schema_version": 0,
          "attributes": {
            "arn": "arn:aws:sqs:us-east-1:978820380225:s3-notifications-queue-v110",
            "content_based_deduplication": false,
            "deduplication_scope": "",
            "delay_seconds": 0,
            "fifo_queue": false,
            "fifo_throughput_limit": "",
            "id": "https://sqs.us-east-1.amazonaws.com/978820380225/s3-notifications-queue-v110",
            "kms_data_key_reuse_period_seconds": 300,
            "kms_master_key_id": "",
            "max_message_size": 262144,
            "message_retention_seconds": 86400,
            "name": "s3-notifications-queue-v110",
            "name_prefix": "",
            "policy": "",
            "receive_wait_time_seconds": 10,
            "redrive_allow_policy": "",
            "redrive_policy": "",
            "region": "us-east-1",
            "sqs_managed_sse_enabled": true,
            "tags": null,
            "tags_all": {},
            "timeouts": null,
            "url": "https://sqs.us-east-1.amazonaws.com/978820380225/s3-notifications-queue-v110",
            "visibility_timeout_seconds": 300
          },
          "sensitive_attributes": [],
          "identity_schema_version": 0,
          "identity": {
            "account_id": "978820380225",
            "region": "us-east-1",
            "url": "https://sqs.us-east-1.amazonaws.com/978820380225/s3-notifications-queue-v110"
          },
          "private": "eyJlMmJmYjczMC1lY2FhLTExZTYtOGY4OC0zNDM2M2JjN2M0YzAiOnsiY3JlYXRlIjoxODAwMDAwMDAwMDAsImRlbGV0ZSI6MTgwMDAwMDAwMDAwLCJ1cGRhdGUiOjE4MDAwMDAwMDAwMH19"
        }
      ]
    },
    {
      "mode": "managed",
      "type": "aws_sqs_queue_policy",
      "name": "s3_notifications_policy",
      "provider": "provider[\"registry.terraform.io/hashicorp/aws\"]",
      "instances": [
        {
          "schema_version": 1,
          "attributes": {
            "id": "https://sqs.us-east-1.amazonaws.com/978820380225/s3-notifications-queue-v110",
            "policy": "{\"Statement\":[{\"Action\":\"SQS:SendMessage\",\"Condition\":{\"ArnEquals\":{\"aws:SourceArn\":\"arn:aws:s3:::notifications-bucket-enoch-v110\"}},\"Effect\":\"Allow\",\"Principal\":{\"Service\":\"s3.amazonaws.com\"},\"Resource\":\"arn:aws:sqs:us-east-1:978820380225:s3-notifications-queue-v110\",\"Sid\":\"AllowS3ToSendMessage\"}],\"Version\":\"2012-10-17\"}",
            "queue_url": "https://sqs.us-east-1.amazonaws.com/978820380225/s3-notifications-queue-v110",
            "region": "us-east-1"
          },
          "sensitive_attributes": [],
          "identity_schema_version": 0,
          "identity": {
            "account_id": "978820380225",
            "queue_url": "https://sqs.us-east-1.amazonaws.com/978820380225/s3-notifications-queue-v110",
            "region": "us-east-1"
          },
          "private": "eyJzY2hlbWFfdmVyc2lvbiI6IjEifQ==",
          "dependencies": [
            "aws_s3_bucket.notifications",
            "aws_sqs_queue.s3_notifications"
          ]
        }
      ]
    }
  ],
  "check_results": null
}
