{
  "version": 4,
  "terraform_version": "1.13.3",
  "serial": 34,
  "lineage": "707a30bf-5413-1ebe-a250-0e7a98523fd8",
  "outputs": {
    "destination_bucket_arn": {
      "value": "arn:aws:s3:::replica-bucket-enoch-v125-sameregion",
      "type": "string"
    },
    "destination_bucket_name": {
      "value": "replica-bucket-enoch-v125-sameregion",
      "type": "string"
    },
    "destination_bucket_region": {
      "value": "us-east-1",
      "type": "string"
    },
    "source_account_id": {
      "value": "978820380225",
      "type": "string"
    }
  },
  "resources": [
    {
      "mode": "managed",
      "type": "aws_s3_bucket",
      "name": "destination",
      "provider": "provider[\"registry.terraform.io/hashicorp/aws\"]",
      "instances": [
        {
          "schema_version": 0,
          "attributes": {
            "acceleration_status": "",
            "acl": null,
            "arn": "arn:aws:s3:::replica-bucket-enoch-v125-sameregion",
            "bucket": "replica-bucket-enoch-v125-sameregion",
            "bucket_domain_name": "replica-bucket-enoch-v125-sameregion.s3.amazonaws.com",
            "bucket_prefix": "",
            "bucket_region": "us-east-1",
            "bucket_regional_domain_name": "replica-bucket-enoch-v125-sameregion.s3.us-east-1.amazonaws.com",
            "cors_rule": [],
            "force_destroy": false,
            "grant": [
              {
                "id": "1ae00a51eb9db8b4bd8bddafb5b80c8d4da77ee4e1a22d79844270a2423c6ac3",
                "permissions": [
                  "FULL_CONTROL"
                ],
                "type": "CanonicalUser",
                "uri": ""
              }
            ],
            "hosted_zone_id": "Z3AQBSTGFYJSTF",
            "id": "replica-bucket-enoch-v125-sameregion",
            "lifecycle_rule": [],
            "logging": [],
            "object_lock_configuration": [],
            "object_lock_enabled": false,
            "policy": "",
            "region": "us-east-1",
            "replication_configuration": [],
            "request_payer": "BucketOwner",
            "server_side_encryption_configuration": [
              {
                "rule": [
                  {
                    "apply_server_side_encryption_by_default": [
                      {
                        "kms_master_key_id": "",
                        "sse_algorithm": "AES256"
                      }
                    ],
                    "bucket_key_enabled": false
                  }
                ]
              }
            ],
            "tags": {
              "Environment": "Production",
              "ManagedBy": "Terraform",
              "Name": "Same-Region Cross-Account Replication Destination",
              "ReplicationType": "Same-Region-Cross-Account",
              "SourceAccount": "978820380225"
            },
            "tags_all": {
              "Environment": "Production",
              "ManagedBy": "Terraform",
              "Name": "Same-Region Cross-Account Replication Destination",
              "ReplicationType": "Same-Region-Cross-Account",
              "SourceAccount": "978820380225"
            },
            "timeouts": null,
            "versioning": [
              {
                "enabled": false,
                "mfa_delete": false
              }
            ],
            "website": [],
            "website_domain": null,
            "website_endpoint": null
          },
          "sensitive_attributes": [],
          "identity_schema_version": 0,
          "identity": {
            "account_id": "411955586173",
            "bucket": "replica-bucket-enoch-v125-sameregion",
            "region": "us-east-1"
          },
          "private": "eyJlMmJmYjczMC1lY2FhLTExZTYtOGY4OC0zNDM2M2JjN2M0YzAiOnsiY3JlYXRlIjoxMjAwMDAwMDAwMDAwLCJkZWxldGUiOjM2MDAwMDAwMDAwMDAsInJlYWQiOjEyMDAwMDAwMDAwMDAsInVwZGF0ZSI6MTIwMDAwMDAwMDAwMH19"
        }
      ]
    },
    {
      "mode": "managed",
      "type": "aws_s3_bucket_lifecycle_configuration",
      "name": "destination",
      "provider": "provider[\"registry.terraform.io/hashicorp/aws\"]",
      "instances": [
        {
          "schema_version": 1,
          "attributes": {
            "bucket": "replica-bucket-enoch-v125-sameregion",
            "expected_bucket_owner": "",
            "id": "replica-bucket-enoch-v125-sameregion",
            "region": "us-east-1",
            "rule": [
              {
                "abort_incomplete_multipart_upload": [],
                "expiration": [],
                "filter": [
                  {
                    "and": [],
                    "object_size_greater_than": null,
                    "object_size_less_than": null,
                    "prefix": "",
                    "tag": []
                  }
                ],
                "id": "transition-old-versions",
                "noncurrent_version_expiration": [
                  {
                    "newer_noncurrent_versions": null,
                    "noncurrent_days": 365
                  }
                ],
                "noncurrent_version_transition": [
                  {
                    "newer_noncurrent_versions": null,
                    "noncurrent_days": 30,
                    "storage_class": "STANDARD_IA"
                  },
                  {
                    "newer_noncurrent_versions": null,
                    "noncurrent_days": 90,
                    "storage_class": "GLACIER"
                  }
                ],
                "prefix": "",
                "status": "Enabled",
                "transition": []
              },
              {
                "abort_incomplete_multipart_upload": [
                  {
                    "days_after_initiation": 7
                  }
                ],
                "expiration": [],
                "filter": [
                  {
                    "and": [],
                    "object_size_greater_than": null,
                    "object_size_less_than": null,
                    "prefix": "",
                    "tag": []
                  }
                ],
                "id": "delete-incomplete-multipart",
                "noncurrent_version_expiration": [],
                "noncurrent_version_transition": [],
                "prefix": "",
                "status": "Enabled",
                "transition": []
              }
            ],
            "timeouts": null,
            "transition_default_minimum_object_size": "all_storage_classes_128K"
          },
          "sensitive_attributes": [],
          "identity_schema_version": 0,
          "dependencies": [
            "aws_s3_bucket.destination"
          ]
        }
      ]
    },
    {
      "mode": "managed",
      "type": "aws_s3_bucket_policy",
      "name": "destination",
      "provider": "provider[\"registry.terraform.io/hashicorp/aws\"]",
      "instances": [
        {
          "schema_version": 0,
          "attributes": {
            "bucket": "replica-bucket-enoch-v125-sameregion",
            "id": "replica-bucket-enoch-v125-sameregion",
            "policy": "{\"Statement\":[{\"Action\":[\"s3:ReplicateObject\",\"s3:ReplicateDelete\",\"s3:ReplicateTags\",\"s3:GetObjectVersionTagging\",\"s3:ObjectOwnerOverrideToBucketOwner\"],\"Effect\":\"Allow\",\"Principal\":{\"AWS\":\"arn:aws:iam::978820380225:role/s3-replication-role-enoch-v125-sameregion-crossaccount\"},\"Resource\":\"arn:aws:s3:::replica-bucket-enoch-v125-sameregion/*\",\"Sid\":\"AllowSourceAccountReplication\"},{\"Action\":[\"s3:List*\",\"s3:GetBucketVersioning\",\"s3:PutBucketVersioning\"],\"Effect\":\"Allow\",\"Principal\":{\"AWS\":\"arn:aws:iam::978820380225:role/s3-replication-role-enoch-v125-sameregion-crossaccount\"},\"Resource\":\"arn:aws:s3:::replica-bucket-enoch-v125-sameregion\",\"Sid\":\"AllowSourceAccountBucketAccess\"}],\"Version\":\"2012-10-17\"}",
            "region": "us-east-1"
          },
          "sensitive_attributes": [],
          "identity_schema_version": 0,
          "identity": {
            "account_id": "411955586173",
            "bucket": "replica-bucket-enoch-v125-sameregion",
            "region": "us-east-1"
          },
          "private": "bnVsbA==",
          "dependencies": [
            "aws_s3_bucket.destination"
          ]
        }
      ]
    },
    {
      "mode": "managed",
      "type": "aws_s3_bucket_public_access_block",
      "name": "destination",
      "provider": "provider[\"registry.terraform.io/hashicorp/aws\"]",
      "instances": [
        {
          "schema_version": 0,
          "attributes": {
            "block_public_acls": true,
            "block_public_policy": true,
            "bucket": "replica-bucket-enoch-v125-sameregion",
            "id": "replica-bucket-enoch-v125-sameregion",
            "ignore_public_acls": true,
            "region": "us-east-1",
            "restrict_public_buckets": true,
            "skip_destroy": null
          },
          "sensitive_attributes": [],
          "identity_schema_version": 0,
          "identity": {
            "account_id": "411955586173",
            "bucket": "replica-bucket-enoch-v125-sameregion",
            "region": "us-east-1"
          },
          "private": "bnVsbA==",
          "dependencies": [
            "aws_s3_bucket.destination"
          ]
        }
      ]
    },
    {
      "mode": "managed",
      "type": "aws_s3_bucket_server_side_encryption_configuration",
      "name": "destination",
      "provider": "provider[\"registry.terraform.io/hashicorp/aws\"]",
      "instances": [
        {
          "schema_version": 0,
          "attributes": {
            "bucket": "replica-bucket-enoch-v125-sameregion",
            "expected_bucket_owner": "",
            "id": "replica-bucket-enoch-v125-sameregion",
            "region": "us-east-1",
            "rule": [
              {
                "apply_server_side_encryption_by_default": [
                  {
                    "kms_master_key_id": "",
                    "sse_algorithm": "AES256"
                  }
                ],
                "bucket_key_enabled": true
              }
            ]
          },
          "sensitive_attributes": [],
          "identity_schema_version": 0,
          "identity": {
            "account_id": "411955586173",
            "bucket": "replica-bucket-enoch-v125-sameregion",
            "expected_bucket_owner": null,
            "region": "us-east-1"
          },
          "private": "bnVsbA==",
          "dependencies": [
            "aws_s3_bucket.destination"
          ]
        }
      ]
    },
    {
      "mode": "managed",
      "type": "aws_s3_bucket_versioning",
      "name": "destination",
      "provider": "provider[\"registry.terraform.io/hashicorp/aws\"]",
      "instances": [
        {
          "schema_version": 0,
          "attributes": {
            "bucket": "replica-bucket-enoch-v125-sameregion",
            "expected_bucket_owner": "",
            "id": "replica-bucket-enoch-v125-sameregion",
            "mfa": null,
            "region": "us-east-1",
            "versioning_configuration": [
              {
                "mfa_delete": "",
                "status": "Enabled"
              }
            ]
          },
          "sensitive_attributes": [],
          "identity_schema_version": 0,
          "identity": {
            "account_id": "411955586173",
            "bucket": "replica-bucket-enoch-v125-sameregion",
            "expected_bucket_owner": null,
            "region": "us-east-1"
          },
          "private": "bnVsbA==",
          "dependencies": [
            "aws_s3_bucket.destination"
          ]
        }
      ]
    }
  ],
  "check_results": null
}
