{
  "version": 4,
  "terraform_version": "1.13.3",
  "serial": 89,
  "lineage": "5e33fbc6-84a1-a529-f772-4c04b2143c48",
  "outputs": {
    "alb_security_group_id": {
      "value": "sg-0257c7a0bce82647f",
      "type": "string"
    },
    "ec2_security_group_id": {
      "value": "sg-002fad552ae13b077",
      "type": "string"
    },
    "efs_dns_name": {
      "value": "fs-0fb6ced3bbd080cd7.efs.us-east-1.amazonaws.com",
      "type": "string"
    },
    "efs_id": {
      "value": "fs-0fb6ced3bbd080cd7",
      "type": "string"
    },
    "efs_security_group_id": {
      "value": "sg-089d5684c659cc5b4",
      "type": "string"
    },
    "iam_role_arn": {
      "value": "arn:aws:iam::978820380225:role/SSMParameterAccessRole",
      "type": "string"
    },
    "iam_role_name": {
      "value": "SSMParameterAccessRole",
      "type": "string"
    },
    "internet_gateway_id": {
      "value": "igw-06f55f25ab0e36d58",
      "type": "string"
    },
    "management_account_id": {
      "value": "978820380225",
      "type": "string"
    },
    "rds_address": {
      "value": "clixx-db.cedq0gwwuj1n.us-east-1.rds.amazonaws.com",
      "type": "string"
    },
    "rds_endpoint": {
      "value": "clixx-db.cedq0gwwuj1n.us-east-1.rds.amazonaws.com:3306",
      "type": "string"
    },
    "rds_instance_id": {
      "value": "db-QEORFUCMYAHGAKCYA6TJU3HWT4",
      "type": "string"
    },
    "rds_security_group_id": {
      "value": "sg-0ed4b34f37caf63fa",
      "type": "string"
    },
    "route_table_id": {
      "value": "rtb-0e2aac32f2af95196",
      "type": "string"
    },
    "ssm_parameter_arns": {
      "value": {
        "db_name": "arn:aws:ssm:us-east-1:978820380225:parameter/clixx/rds/database",
        "db_password": "arn:aws:ssm:us-east-1:978820380225:parameter/clixx/rds/password",
        "db_username": "arn:aws:ssm:us-east-1:978820380225:parameter/clixx/rds/username",
        "efs_id": "arn:aws:ssm:us-east-1:978820380225:parameter/clixx/efs/id",
        "rds_endpoint": "arn:aws:ssm:us-east-1:978820380225:parameter/clixx/rds/endpoint"
      },
      "type": [
        "object",
        {
          "db_name": "string",
          "db_password": "string",
          "db_username": "string",
          "efs_id": "string",
          "rds_endpoint": "string"
        }
      ],
      "sensitive": true
    },
    "subnet_1_id": {
      "value": "subnet-021c2172ac6077ce0",
      "type": "string"
    },
    "subnet_2_id": {
      "value": "subnet-010cf93a410dd7103",
      "type": "string"
    },
    "vpc_id": {
      "value": "vpc-0f927b38545cf1849",
      "type": "string"
    }
  },
  "resources": [
    {
      "mode": "data",
      "type": "aws_caller_identity",
      "name": "current",
      "provider": "provider[\"registry.terraform.io/hashicorp/aws\"]",
      "instances": [
        {
          "schema_version": 0,
          "attributes": {
            "account_id": "978820380225",
            "arn": "arn:aws:iam::978820380225:user/stack_prog",
            "id": "978820380225",
            "user_id": "AIDA6HZR5WZAUP6G5GGNJ"
          },
          "sensitive_attributes": [],
          "identity_schema_version": 0
        }
      ]
    },
    {
      "mode": "data",
      "type": "aws_iam_policy_document",
      "name": "ssm_access_policy",
      "provider": "provider[\"registry.terraform.io/hashicorp/aws\"]",
      "instances": [
        {
          "schema_version": 0,
          "attributes": {
            "id": "2771409426",
            "json": "{\n  \"Version\": \"2012-10-17\",\n  \"Statement\": [\n    {\n      \"Effect\": \"Allow\",\n      \"Action\": [\n        \"ssm:PutParameter\",\n        \"ssm:GetParametersByPath\",\n        \"ssm:GetParameters\",\n        \"ssm:GetParameter\"\n      ],\n      \"Resource\": \"arn:aws:ssm:us-east-1:978820380225:parameter/clixx/*\"\n    },\n    {\n      \"Effect\": \"Allow\",\n      \"Action\": \"ssm:DescribeParameters\",\n      \"Resource\": \"*\"\n    }\n  ]\n}",
            "minified_json": "{\"Version\":\"2012-10-17\",\"Statement\":[{\"Effect\":\"Allow\",\"Action\":[\"ssm:PutParameter\",\"ssm:GetParametersByPath\",\"ssm:GetParameters\",\"ssm:GetParameter\"],\"Resource\":\"arn:aws:ssm:us-east-1:978820380225:parameter/clixx/*\"},{\"Effect\":\"Allow\",\"Action\":\"ssm:DescribeParameters\",\"Resource\":\"*\"}]}",
            "override_json": null,
            "override_policy_documents": null,
            "policy_id": null,
            "source_json": null,
            "source_policy_documents": null,
            "statement": [
              {
                "actions": [
                  "ssm:GetParameter",
                  "ssm:GetParameters",
                  "ssm:GetParametersByPath",
                  "ssm:PutParameter"
                ],
                "condition": [],
                "effect": "Allow",
                "not_actions": [],
                "not_principals": [],
                "not_resources": [],
                "principals": [],
                "resources": [
                  "arn:aws:ssm:us-east-1:978820380225:parameter/clixx/*"
                ],
                "sid": ""
              },
              {
                "actions": [
                  "ssm:DescribeParameters"
                ],
                "condition": [],
                "effect": "Allow",
                "not_actions": [],
                "not_principals": [],
                "not_resources": [],
                "principals": [],
                "resources": [
                  "*"
                ],
                "sid": ""
              }
            ],
            "version": "2012-10-17"
          },
          "sensitive_attributes": [],
          "identity_schema_version": 0
        }
      ]
    },
    {
      "mode": "data",
      "type": "aws_iam_policy_document",
      "name": "ssm_assume_role",
      "provider": "provider[\"registry.terraform.io/hashicorp/aws\"]",
      "instances": [
        {
          "schema_version": 0,
          "attributes": {
            "id": "520564967",
            "json": "{\n  \"Version\": \"2012-10-17\",\n  \"Statement\": [\n    {\n      \"Effect\": \"Allow\",\n      \"Action\": \"sts:AssumeRole\",\n      \"Principal\": {\n        \"AWS\": \"arn:aws:iam::529206289534:role/Engineer\"\n      },\n      \"Condition\": {\n        \"StringEquals\": {\n          \"sts:ExternalId\": \"clixx-ssm-access\"\n        }\n      }\n    }\n  ]\n}",
            "minified_json": "{\"Version\":\"2012-10-17\",\"Statement\":[{\"Effect\":\"Allow\",\"Action\":\"sts:AssumeRole\",\"Principal\":{\"AWS\":\"arn:aws:iam::529206289534:role/Engineer\"},\"Condition\":{\"StringEquals\":{\"sts:ExternalId\":\"clixx-ssm-access\"}}}]}",
            "override_json": null,
            "override_policy_documents": null,
            "policy_id": null,
            "source_json": null,
            "source_policy_documents": null,
            "statement": [
              {
                "actions": [
                  "sts:AssumeRole"
                ],
                "condition": [
                  {
                    "test": "StringEquals",
                    "values": [
                      "clixx-ssm-access"
                    ],
                    "variable": "sts:ExternalId"
                  }
                ],
                "effect": "Allow",
                "not_actions": [],
                "not_principals": [],
                "not_resources": [],
                "principals": [
                  {
                    "identifiers": [
                      "arn:aws:iam::529206289534:role/Engineer"
                    ],
                    "type": "AWS"
                  }
                ],
                "resources": [],
                "sid": ""
              }
            ],
            "version": "2012-10-17"
          },
          "sensitive_attributes": [],
          "identity_schema_version": 0
        }
      ]
    },
    {
      "mode": "managed",
      "type": "aws_db_instance",
      "name": "main",
      "provider": "provider[\"registry.terraform.io/hashicorp/aws\"].dev",
      "instances": [
        {
          "schema_version": 2,
          "attributes": {
            "address": "clixx-db.cedq0gwwuj1n.us-east-1.rds.amazonaws.com",
            "allocated_storage": 20,
            "allow_major_version_upgrade": null,
            "apply_immediately": false,
            "arn": "arn:aws:rds:us-east-1:529206289534:db:clixx-db",
            "auto_minor_version_upgrade": true,
            "availability_zone": "us-east-1b",
            "backup_retention_period": 7,
            "backup_target": "region",
            "backup_window": "03:00-04:00",
            "blue_green_update": [],
            "ca_cert_identifier": "rds-ca-rsa2048-g1",
            "character_set_name": "",
            "copy_tags_to_snapshot": false,
            "custom_iam_instance_profile": "",
            "customer_owned_ip_enabled": false,
            "database_insights_mode": "standard",
            "db_name": "wordpressdb",
            "db_subnet_group_name": "clixx-db-subnet-group",
            "dedicated_log_volume": false,
            "delete_automated_backups": true,
            "deletion_protection": false,
            "domain": "",
            "domain_auth_secret_arn": "",
            "domain_dns_ips": [],
            "domain_fqdn": "",
            "domain_iam_role_name": "",
            "domain_ou": "",
            "enabled_cloudwatch_logs_exports": [
              "error",
              "general",
              "slowquery"
            ],
            "endpoint": "clixx-db.cedq0gwwuj1n.us-east-1.rds.amazonaws.com:3306",
            "engine": "mysql",
            "engine_lifecycle_support": "open-source-rds-extended-support",
            "engine_version": "8.0.35",
            "engine_version_actual": "8.0.35",
            "final_snapshot_identifier": null,
            "hosted_zone_id": "Z2R2ITUGPM61AM",
            "iam_database_authentication_enabled": false,
            "id": "db-QEORFUCMYAHGAKCYA6TJU3HWT4",
            "identifier": "clixx-db",
            "identifier_prefix": "",
            "instance_class": "db.t3.micro",
            "iops": 0,
            "kms_key_id": "",
            "latest_restorable_time": "2025-11-22T20:15:00Z",
            "license_model": "general-public-license",
            "listener_endpoint": [],
            "maintenance_window": "mon:04:00-mon:05:00",
            "manage_master_user_password": null,
            "master_user_secret": [],
            "master_user_secret_kms_key_id": null,
            "max_allocated_storage": 0,
            "monitoring_interval": 0,
            "monitoring_role_arn": "",
            "multi_az": false,
            "nchar_character_set_name": "",
            "network_type": "IPV4",
            "option_group_name": "default:mysql-8-0",
            "parameter_group_name": "default.mysql8.0",
            "password": null,
            "password_wo": null,
            "password_wo_version": null,
            "performance_insights_enabled": false,
            "performance_insights_kms_key_id": "",
            "performance_insights_retention_period": 0,
            "port": 3306,
            "publicly_accessible": false,
            "replica_mode": "",
            "replicas": [],
            "replicate_source_db": "",
            "resource_id": "db-QEORFUCMYAHGAKCYA6TJU3HWT4",
            "restore_to_point_in_time": [],
            "s3_import": [],
            "skip_final_snapshot": true,
            "snapshot_identifier": "clixxwordpressdb",
            "status": "available",
            "storage_encrypted": false,
            "storage_throughput": 0,
            "storage_type": "gp2",
            "tags": {
              "Name": "clixx-db"
            },
            "tags_all": {
              "Environment": "Dev",
              "ManagedBy": "Terraform",
              "Name": "clixx-db",
              "Project": "CliXX"
            },
            "timeouts": null,
            "timezone": "",
            "upgrade_storage_config": null,
            "username": "wordpressuser",
            "vpc_security_group_ids": [
              "sg-0ed4b34f37caf63fa"
            ]
          },
          "sensitive_attributes": [
            [
              {
                "type": "get_attr",
                "value": "password"
              }
            ],
            [
              {
                "type": "get_attr",
                "value": "password_wo"
              }
            ]
          ],
          "identity_schema_version": 0,
          "private": "eyJlMmJmYjczMC1lY2FhLTExZTYtOGY4OC0zNDM2M2JjN2M0YzAiOnsiY3JlYXRlIjozMDAwMDAwMDAwMDAwLCJkZWxldGUiOjM2MDAwMDAwMDAwMDAsInVwZGF0ZSI6NDgwMDAwMDAwMDAwMH0sInNjaGVtYV92ZXJzaW9uIjoiMiJ9",
          "dependencies": [
            "aws_db_subnet_group.main",
            "aws_security_group.alb",
            "aws_security_group.ec2",
            "aws_security_group.rds",
            "aws_subnet.subnet_1",
            "aws_subnet.subnet_2",
            "aws_vpc.main"
          ]
        }
      ]
    },
    {
      "mode": "managed",
      "type": "aws_db_subnet_group",
      "name": "main",
      "provider": "provider[\"registry.terraform.io/hashicorp/aws\"].dev",
      "instances": [
        {
          "schema_version": 0,
          "attributes": {
            "arn": "arn:aws:rds:us-east-1:529206289534:subgrp:clixx-db-subnet-group",
            "description": "Managed by Terraform",
            "id": "clixx-db-subnet-group",
            "name": "clixx-db-subnet-group",
            "name_prefix": "",
            "subnet_ids": [
              "subnet-010cf93a410dd7103",
              "subnet-021c2172ac6077ce0"
            ],
            "supported_network_types": [
              "IPV4"
            ],
            "tags": {
              "Name": "clixx-db-subnet-group"
            },
            "tags_all": {
              "Environment": "Dev",
              "ManagedBy": "Terraform",
              "Name": "clixx-db-subnet-group",
              "Project": "CliXX"
            },
            "vpc_id": "vpc-0f927b38545cf1849"
          },
          "sensitive_attributes": [],
          "identity_schema_version": 0,
          "private": "bnVsbA==",
          "dependencies": [
            "aws_subnet.subnet_1",
            "aws_subnet.subnet_2",
            "aws_vpc.main"
          ]
        }
      ]
    },
    {
      "mode": "managed",
      "type": "aws_efs_file_system",
      "name": "main",
      "provider": "provider[\"registry.terraform.io/hashicorp/aws\"].dev",
      "instances": [
        {
          "schema_version": 0,
          "attributes": {
            "arn": "arn:aws:elasticfilesystem:us-east-1:529206289534:file-system/fs-0fb6ced3bbd080cd7",
            "availability_zone_id": "",
            "availability_zone_name": "",
            "creation_token": "clixx-efs",
            "dns_name": "fs-0fb6ced3bbd080cd7.efs.us-east-1.amazonaws.com",
            "encrypted": true,
            "id": "fs-0fb6ced3bbd080cd7",
            "kms_key_id": "arn:aws:kms:us-east-1:529206289534:key/933a1bb9-aa87-4785-ba4d-187775ef724a",
            "lifecycle_policy": [
              {
                "transition_to_archive": "",
                "transition_to_ia": "AFTER_30_DAYS",
                "transition_to_primary_storage_class": ""
              }
            ],
            "name": "clixx-efs",
            "number_of_mount_targets": 2,
            "owner_id": "529206289534",
            "performance_mode": "generalPurpose",
            "protection": [
              {
                "replication_overwrite": "ENABLED"
              }
            ],
            "provisioned_throughput_in_mibps": 0,
            "size_in_bytes": [
              {
                "value": 6144,
                "value_in_ia": 0,
                "value_in_standard": 6144
              }
            ],
            "tags": {
              "Name": "clixx-efs"
            },
            "tags_all": {
              "Environment": "Dev",
              "ManagedBy": "Terraform",
              "Name": "clixx-efs",
              "Project": "CliXX"
            },
            "throughput_mode": "bursting"
          },
          "sensitive_attributes": [],
          "identity_schema_version": 0,
          "private": "bnVsbA=="
        }
      ]
    },
    {
      "mode": "managed",
      "type": "aws_efs_mount_target",
      "name": "subnet_1",
      "provider": "provider[\"registry.terraform.io/hashicorp/aws\"].dev",
      "instances": [
        {
          "schema_version": 0,
          "attributes": {
            "availability_zone_id": "use1-az2",
            "availability_zone_name": "us-east-1a",
            "dns_name": "fs-0fb6ced3bbd080cd7.efs.us-east-1.amazonaws.com",
            "file_system_arn": "arn:aws:elasticfilesystem:us-east-1:529206289534:file-system/fs-0fb6ced3bbd080cd7",
            "file_system_id": "fs-0fb6ced3bbd080cd7",
            "id": "fsmt-0b4fc022aa772b2a5",
            "ip_address": "10.1.1.103",
            "mount_target_dns_name": "us-east-1a.fs-0fb6ced3bbd080cd7.efs.us-east-1.amazonaws.com",
            "network_interface_id": "eni-0d6a927d38b8d1274",
            "owner_id": "529206289534",
            "security_groups": [
              "sg-089d5684c659cc5b4"
            ],
            "subnet_id": "subnet-021c2172ac6077ce0",
            "timeouts": null
          },
          "sensitive_attributes": [],
          "identity_schema_version": 0,
          "private": "eyJlMmJmYjczMC1lY2FhLTExZTYtOGY4OC0zNDM2M2JjN2M0YzAiOnsiY3JlYXRlIjoxODAwMDAwMDAwMDAwLCJkZWxldGUiOjYwMDAwMDAwMDAwMH19",
          "dependencies": [
            "aws_efs_file_system.main",
            "aws_security_group.alb",
            "aws_security_group.ec2",
            "aws_security_group.efs",
            "aws_subnet.subnet_1",
            "aws_vpc.main"
          ]
        }
      ]
    },
    {
      "mode": "managed",
      "type": "aws_efs_mount_target",
      "name": "subnet_2",
      "provider": "provider[\"registry.terraform.io/hashicorp/aws\"].dev",
      "instances": [
        {
          "schema_version": 0,
          "attributes": {
            "availability_zone_id": "use1-az4",
            "availability_zone_name": "us-east-1b",
            "dns_name": "fs-0fb6ced3bbd080cd7.efs.us-east-1.amazonaws.com",
            "file_system_arn": "arn:aws:elasticfilesystem:us-east-1:529206289534:file-system/fs-0fb6ced3bbd080cd7",
            "file_system_id": "fs-0fb6ced3bbd080cd7",
            "id": "fsmt-0cafb973250c3b6a9",
            "ip_address": "10.1.2.11",
            "mount_target_dns_name": "us-east-1b.fs-0fb6ced3bbd080cd7.efs.us-east-1.amazonaws.com",
            "network_interface_id": "eni-0db0cdef6c1a29154",
            "owner_id": "529206289534",
            "security_groups": [
              "sg-089d5684c659cc5b4"
            ],
            "subnet_id": "subnet-010cf93a410dd7103",
            "timeouts": null
          },
          "sensitive_attributes": [],
          "identity_schema_version": 0,
          "private": "eyJlMmJmYjczMC1lY2FhLTExZTYtOGY4OC0zNDM2M2JjN2M0YzAiOnsiY3JlYXRlIjoxODAwMDAwMDAwMDAwLCJkZWxldGUiOjYwMDAwMDAwMDAwMH19",
          "dependencies": [
            "aws_efs_file_system.main",
            "aws_security_group.alb",
            "aws_security_group.ec2",
            "aws_security_group.efs",
            "aws_subnet.subnet_2",
            "aws_vpc.main"
          ]
        }
      ]
    },
    {
      "mode": "managed",
      "type": "aws_iam_role",
      "name": "ssm_parameter_access",
      "provider": "provider[\"registry.terraform.io/hashicorp/aws\"]",
      "instances": [
        {
          "schema_version": 0,
          "attributes": {
            "arn": "arn:aws:iam::978820380225:role/SSMParameterAccessRole",
            "assume_role_policy": "{\"Statement\":[{\"Action\":\"sts:AssumeRole\",\"Condition\":{\"StringEquals\":{\"sts:ExternalId\":\"clixx-ssm-access\"}},\"Effect\":\"Allow\",\"Principal\":{\"AWS\":\"arn:aws:iam::529206289534:role/Engineer\"}}],\"Version\":\"2012-10-17\"}",
            "create_date": "2025-11-22T19:15:57Z",
            "description": "",
            "force_detach_policies": false,
            "id": "SSMParameterAccessRole",
            "inline_policy": [
              {
                "name": "SSMParameterAccessPolicy",
                "policy": "{\"Version\":\"2012-10-17\",\"Statement\":[{\"Action\":[\"ssm:PutParameter\",\"ssm:GetParametersByPath\",\"ssm:GetParameters\",\"ssm:GetParameter\"],\"Effect\":\"Allow\",\"Resource\":\"arn:aws:ssm:us-east-1:978820380225:parameter/clixx/*\"},{\"Action\":\"ssm:DescribeParameters\",\"Effect\":\"Allow\",\"Resource\":\"*\"}]}"
              }
            ],
            "managed_policy_arns": [],
            "max_session_duration": 3600,
            "name": "SSMParameterAccessRole",
            "name_prefix": "",
            "path": "/",
            "permissions_boundary": "",
            "tags": {
              "Application": "CliXX",
              "Name": "SSMParameterAccessRole",
              "Purpose": "Allow Dev account to access CliXX SSM parameters"
            },
            "tags_all": {
              "Application": "CliXX",
              "Environment": "Management",
              "ManagedBy": "Terraform",
              "Name": "SSMParameterAccessRole",
              "Project": "CliXX",
              "Purpose": "Allow Dev account to access CliXX SSM parameters"
            },
            "unique_id": "AROA6HZR5WZAR5JP3PZ7A"
          },
          "sensitive_attributes": [],
          "identity_schema_version": 0,
          "private": "bnVsbA==",
          "dependencies": [
            "data.aws_iam_policy_document.ssm_assume_role"
          ]
        }
      ]
    },
    {
      "mode": "managed",
      "type": "aws_iam_role_policy",
      "name": "ssm_access_policy",
      "provider": "provider[\"registry.terraform.io/hashicorp/aws\"]",
      "instances": [
        {
          "schema_version": 0,
          "attributes": {
            "id": "SSMParameterAccessRole:SSMParameterAccessPolicy",
            "name": "SSMParameterAccessPolicy",
            "name_prefix": "",
            "policy": "{\"Version\":\"2012-10-17\",\"Statement\":[{\"Action\":[\"ssm:PutParameter\",\"ssm:GetParametersByPath\",\"ssm:GetParameters\",\"ssm:GetParameter\"],\"Effect\":\"Allow\",\"Resource\":\"arn:aws:ssm:us-east-1:978820380225:parameter/clixx/*\"},{\"Action\":\"ssm:DescribeParameters\",\"Effect\":\"Allow\",\"Resource\":\"*\"}]}",
            "role": "SSMParameterAccessRole"
          },
          "sensitive_attributes": [],
          "identity_schema_version": 0,
          "private": "bnVsbA==",
          "dependencies": [
            "aws_iam_role.ssm_parameter_access",
            "data.aws_caller_identity.current",
            "data.aws_iam_policy_document.ssm_access_policy",
            "data.aws_iam_policy_document.ssm_assume_role"
          ]
        }
      ]
    },
    {
      "mode": "managed",
      "type": "aws_internet_gateway",
      "name": "main",
      "provider": "provider[\"registry.terraform.io/hashicorp/aws\"].dev",
      "instances": [
        {
          "schema_version": 0,
          "attributes": {
            "arn": "arn:aws:ec2:us-east-1:529206289534:internet-gateway/igw-06f55f25ab0e36d58",
            "id": "igw-06f55f25ab0e36d58",
            "owner_id": "529206289534",
            "tags": {
              "Name": "clixx-igw"
            },
            "tags_all": {
              "Environment": "Dev",
              "ManagedBy": "Terraform",
              "Name": "clixx-igw",
              "Project": "CliXX"
            },
            "timeouts": null,
            "vpc_id": "vpc-0f927b38545cf1849"
          },
          "sensitive_attributes": [],
          "identity_schema_version": 0,
          "private": "eyJlMmJmYjczMC1lY2FhLTExZTYtOGY4OC0zNDM2M2JjN2M0YzAiOnsiY3JlYXRlIjoxMjAwMDAwMDAwMDAwLCJkZWxldGUiOjEyMDAwMDAwMDAwMDAsInVwZGF0ZSI6MTIwMDAwMDAwMDAwMH19",
          "dependencies": [
            "aws_vpc.main"
          ]
        }
      ]
    },
    {
      "mode": "managed",
      "type": "aws_route_table",
      "name": "main",
      "provider": "provider[\"registry.terraform.io/hashicorp/aws\"].dev",
      "instances": [
        {
          "schema_version": 0,
          "attributes": {
            "arn": "arn:aws:ec2:us-east-1:529206289534:route-table/rtb-0e2aac32f2af95196",
            "id": "rtb-0e2aac32f2af95196",
            "owner_id": "529206289534",
            "propagating_vgws": [],
            "route": [
              {
                "carrier_gateway_id": "",
                "cidr_block": "0.0.0.0/0",
                "core_network_arn": "",
                "destination_prefix_list_id": "",
                "egress_only_gateway_id": "",
                "gateway_id": "igw-06f55f25ab0e36d58",
                "ipv6_cidr_block": "",
                "local_gateway_id": "",
                "nat_gateway_id": "",
                "network_interface_id": "",
                "transit_gateway_id": "",
                "vpc_endpoint_id": "",
                "vpc_peering_connection_id": ""
              }
            ],
            "tags": {
              "Name": "clixx-rt"
            },
            "tags_all": {
              "Environment": "Dev",
              "ManagedBy": "Terraform",
              "Name": "clixx-rt",
              "Project": "CliXX"
            },
            "timeouts": null,
            "vpc_id": "vpc-0f927b38545cf1849"
          },
          "sensitive_attributes": [],
          "identity_schema_version": 0,
          "private": "eyJlMmJmYjczMC1lY2FhLTExZTYtOGY4OC0zNDM2M2JjN2M0YzAiOnsiY3JlYXRlIjozMDAwMDAwMDAwMDAsImRlbGV0ZSI6MzAwMDAwMDAwMDAwLCJ1cGRhdGUiOjEyMDAwMDAwMDAwMH19",
          "dependencies": [
            "aws_internet_gateway.main",
            "aws_vpc.main"
          ]
        }
      ]
    },
    {
      "mode": "managed",
      "type": "aws_route_table_association",
      "name": "subnet_1",
      "provider": "provider[\"registry.terraform.io/hashicorp/aws\"].dev",
      "instances": [
        {
          "schema_version": 0,
          "attributes": {
            "gateway_id": "",
            "id": "rtbassoc-0e0755c629a889027",
            "route_table_id": "rtb-0e2aac32f2af95196",
            "subnet_id": "subnet-021c2172ac6077ce0",
            "timeouts": null
          },
          "sensitive_attributes": [],
          "identity_schema_version": 0,
          "private": "eyJlMmJmYjczMC1lY2FhLTExZTYtOGY4OC0zNDM2M2JjN2M0YzAiOnsiY3JlYXRlIjozMDAwMDAwMDAwMDAsImRlbGV0ZSI6MzAwMDAwMDAwMDAwLCJ1cGRhdGUiOjEyMDAwMDAwMDAwMH19",
          "dependencies": [
            "aws_internet_gateway.main",
            "aws_route_table.main",
            "aws_subnet.subnet_1",
            "aws_vpc.main"
          ]
        }
      ]
    },
    {
      "mode": "managed",
      "type": "aws_route_table_association",
      "name": "subnet_2",
      "provider": "provider[\"registry.terraform.io/hashicorp/aws\"].dev",
      "instances": [
        {
          "schema_version": 0,
          "attributes": {
            "gateway_id": "",
            "id": "rtbassoc-006de490041b3ae47",
            "route_table_id": "rtb-0e2aac32f2af95196",
            "subnet_id": "subnet-010cf93a410dd7103",
            "timeouts": null
          },
          "sensitive_attributes": [],
          "identity_schema_version": 0,
          "private": "eyJlMmJmYjczMC1lY2FhLTExZTYtOGY4OC0zNDM2M2JjN2M0YzAiOnsiY3JlYXRlIjozMDAwMDAwMDAwMDAsImRlbGV0ZSI6MzAwMDAwMDAwMDAwLCJ1cGRhdGUiOjEyMDAwMDAwMDAwMH19",
          "dependencies": [
            "aws_internet_gateway.main",
            "aws_route_table.main",
            "aws_subnet.subnet_2",
            "aws_vpc.main"
          ]
        }
      ]
    },
    {
      "mode": "managed",
      "type": "aws_security_group",
      "name": "alb",
      "provider": "provider[\"registry.terraform.io/hashicorp/aws\"].dev",
      "instances": [
        {
          "schema_version": 1,
          "attributes": {
            "arn": "arn:aws:ec2:us-east-1:529206289534:security-group/sg-0257c7a0bce82647f",
            "description": "Security group for Application Load Balancer",
            "egress": [
              {
                "cidr_blocks": [
                  "0.0.0.0/0"
                ],
                "description": "Allow all outbound",
                "from_port": 0,
                "ipv6_cidr_blocks": [],
                "prefix_list_ids": [],
                "protocol": "-1",
                "security_groups": [],
                "self": false,
                "to_port": 0
              }
            ],
            "id": "sg-0257c7a0bce82647f",
            "ingress": [
              {
                "cidr_blocks": [
                  "0.0.0.0/0"
                ],
                "description": "HTTP from internet",
                "from_port": 80,
                "ipv6_cidr_blocks": [],
                "prefix_list_ids": [],
                "protocol": "tcp",
                "security_groups": [],
                "self": false,
                "to_port": 80
              },
              {
                "cidr_blocks": [
                  "0.0.0.0/0"
                ],
                "description": "HTTPS from internet",
                "from_port": 443,
                "ipv6_cidr_blocks": [],
                "prefix_list_ids": [],
                "protocol": "tcp",
                "security_groups": [],
                "self": false,
                "to_port": 443
              }
            ],
            "name": "clixx-alb-sg",
            "name_prefix": "",
            "owner_id": "529206289534",
            "revoke_rules_on_delete": false,
            "tags": {
              "Name": "clixx-alb-sg"
            },
            "tags_all": {
              "Environment": "Dev",
              "ManagedBy": "Terraform",
              "Name": "clixx-alb-sg",
              "Project": "CliXX"
            },
            "timeouts": null,
            "vpc_id": "vpc-0f927b38545cf1849"
          },
          "sensitive_attributes": [],
          "identity_schema_version": 0,
          "private": "eyJlMmJmYjczMC1lY2FhLTExZTYtOGY4OC0zNDM2M2JjN2M0YzAiOnsiY3JlYXRlIjo2MDAwMDAwMDAwMDAsImRlbGV0ZSI6OTAwMDAwMDAwMDAwfSwic2NoZW1hX3ZlcnNpb24iOiIxIn0=",
          "dependencies": [
            "aws_vpc.main"
          ]
        }
      ]
    },
    {
      "mode": "managed",
      "type": "aws_security_group",
      "name": "ec2",
      "provider": "provider[\"registry.terraform.io/hashicorp/aws\"].dev",
      "instances": [
        {
          "schema_version": 1,
          "attributes": {
            "arn": "arn:aws:ec2:us-east-1:529206289534:security-group/sg-002fad552ae13b077",
            "description": "Security group for EC2 instances",
            "egress": [
              {
                "cidr_blocks": [
                  "0.0.0.0/0"
                ],
                "description": "Allow all outbound",
                "from_port": 0,
                "ipv6_cidr_blocks": [],
                "prefix_list_ids": [],
                "protocol": "-1",
                "security_groups": [],
                "self": false,
                "to_port": 0
              }
            ],
            "id": "sg-002fad552ae13b077",
            "ingress": [
              {
                "cidr_blocks": [],
                "description": "HTTP from ALB",
                "from_port": 80,
                "ipv6_cidr_blocks": [],
                "prefix_list_ids": [],
                "protocol": "tcp",
                "security_groups": [
                  "sg-0257c7a0bce82647f"
                ],
                "self": false,
                "to_port": 80
              }
            ],
            "name": "clixx-ec2-sg",
            "name_prefix": "",
            "owner_id": "529206289534",
            "revoke_rules_on_delete": false,
            "tags": {
              "Name": "clixx-ec2-sg"
            },
            "tags_all": {
              "Environment": "Dev",
              "ManagedBy": "Terraform",
              "Name": "clixx-ec2-sg",
              "Project": "CliXX"
            },
            "timeouts": null,
            "vpc_id": "vpc-0f927b38545cf1849"
          },
          "sensitive_attributes": [],
          "identity_schema_version": 0,
          "private": "eyJlMmJmYjczMC1lY2FhLTExZTYtOGY4OC0zNDM2M2JjN2M0YzAiOnsiY3JlYXRlIjo2MDAwMDAwMDAwMDAsImRlbGV0ZSI6OTAwMDAwMDAwMDAwfSwic2NoZW1hX3ZlcnNpb24iOiIxIn0=",
          "dependencies": [
            "aws_security_group.alb",
            "aws_vpc.main"
          ]
        }
      ]
    },
    {
      "mode": "managed",
      "type": "aws_security_group",
      "name": "efs",
      "provider": "provider[\"registry.terraform.io/hashicorp/aws\"].dev",
      "instances": [
        {
          "schema_version": 1,
          "attributes": {
            "arn": "arn:aws:ec2:us-east-1:529206289534:security-group/sg-089d5684c659cc5b4",
            "description": "Security group for EFS",
            "egress": [
              {
                "cidr_blocks": [
                  "0.0.0.0/0"
                ],
                "description": "Allow all outbound",
                "from_port": 0,
                "ipv6_cidr_blocks": [],
                "prefix_list_ids": [],
                "protocol": "-1",
                "security_groups": [],
                "self": false,
                "to_port": 0
              }
            ],
            "id": "sg-089d5684c659cc5b4",
            "ingress": [
              {
                "cidr_blocks": [],
                "description": "NFS from EC2",
                "from_port": 2049,
                "ipv6_cidr_blocks": [],
                "prefix_list_ids": [],
                "protocol": "tcp",
                "security_groups": [
                  "sg-002fad552ae13b077"
                ],
                "self": false,
                "to_port": 2049
              }
            ],
            "name": "clixx-efs-sg",
            "name_prefix": "",
            "owner_id": "529206289534",
            "revoke_rules_on_delete": false,
            "tags": {
              "Name": "clixx-efs-sg"
            },
            "tags_all": {
              "Environment": "Dev",
              "ManagedBy": "Terraform",
              "Name": "clixx-efs-sg",
              "Project": "CliXX"
            },
            "timeouts": null,
            "vpc_id": "vpc-0f927b38545cf1849"
          },
          "sensitive_attributes": [],
          "identity_schema_version": 0,
          "private": "eyJlMmJmYjczMC1lY2FhLTExZTYtOGY4OC0zNDM2M2JjN2M0YzAiOnsiY3JlYXRlIjo2MDAwMDAwMDAwMDAsImRlbGV0ZSI6OTAwMDAwMDAwMDAwfSwic2NoZW1hX3ZlcnNpb24iOiIxIn0=",
          "dependencies": [
            "aws_security_group.alb",
            "aws_security_group.ec2",
            "aws_vpc.main"
          ]
        }
      ]
    },
    {
      "mode": "managed",
      "type": "aws_security_group",
      "name": "rds",
      "provider": "provider[\"registry.terraform.io/hashicorp/aws\"].dev",
      "instances": [
        {
          "schema_version": 1,
          "attributes": {
            "arn": "arn:aws:ec2:us-east-1:529206289534:security-group/sg-0ed4b34f37caf63fa",
            "description": "Security group for RDS database",
            "egress": [
              {
                "cidr_blocks": [
                  "0.0.0.0/0"
                ],
                "description": "Allow all outbound",
                "from_port": 0,
                "ipv6_cidr_blocks": [],
                "prefix_list_ids": [],
                "protocol": "-1",
                "security_groups": [],
                "self": false,
                "to_port": 0
              }
            ],
            "id": "sg-0ed4b34f37caf63fa",
            "ingress": [
              {
                "cidr_blocks": [],
                "description": "MySQL from EC2",
                "from_port": 3306,
                "ipv6_cidr_blocks": [],
                "prefix_list_ids": [],
                "protocol": "tcp",
                "security_groups": [
                  "sg-002fad552ae13b077"
                ],
                "self": false,
                "to_port": 3306
              }
            ],
            "name": "clixx-rds-sg",
            "name_prefix": "",
            "owner_id": "529206289534",
            "revoke_rules_on_delete": false,
            "tags": {
              "Name": "clixx-rds-sg"
            },
            "tags_all": {
              "Environment": "Dev",
              "ManagedBy": "Terraform",
              "Name": "clixx-rds-sg",
              "Project": "CliXX"
            },
            "timeouts": null,
            "vpc_id": "vpc-0f927b38545cf1849"
          },
          "sensitive_attributes": [],
          "identity_schema_version": 0,
          "private": "eyJlMmJmYjczMC1lY2FhLTExZTYtOGY4OC0zNDM2M2JjN2M0YzAiOnsiY3JlYXRlIjo2MDAwMDAwMDAwMDAsImRlbGV0ZSI6OTAwMDAwMDAwMDAwfSwic2NoZW1hX3ZlcnNpb24iOiIxIn0=",
          "dependencies": [
            "aws_security_group.alb",
            "aws_security_group.ec2",
            "aws_vpc.main"
          ]
        }
      ]
    },
    {
      "mode": "managed",
      "type": "aws_ssm_parameter",
      "name": "db_name",
      "provider": "provider[\"registry.terraform.io/hashicorp/aws\"]",
      "instances": [
        {
          "schema_version": 0,
          "attributes": {
            "allowed_pattern": "",
            "arn": "arn:aws:ssm:us-east-1:978820380225:parameter/clixx/rds/database",
            "data_type": "text",
            "description": "CliXX Database Name",
            "has_value_wo": null,
            "id": "/clixx/rds/database",
            "insecure_value": null,
            "key_id": "",
            "name": "/clixx/rds/database",
            "overwrite": null,
            "tags": {
              "Application": "CliXX",
              "Name": "clixx-db-name"
            },
            "tags_all": {
              "Application": "CliXX",
              "Environment": "Management",
              "ManagedBy": "Terraform",
              "Name": "clixx-db-name",
              "Project": "CliXX"
            },
            "tier": "Standard",
            "type": "String",
            "value": "clixxdb",
            "value_wo": null,
            "value_wo_version": null,
            "version": 1
          },
          "sensitive_attributes": [
            [
              {
                "type": "get_attr",
                "value": "value"
              }
            ],
            [
              {
                "type": "get_attr",
                "value": "value_wo"
              }
            ]
          ],
          "identity_schema_version": 0,
          "private": "bnVsbA=="
        }
      ]
    },
    {
      "mode": "managed",
      "type": "aws_ssm_parameter",
      "name": "db_password",
      "provider": "provider[\"registry.terraform.io/hashicorp/aws\"]",
      "instances": [
        {
          "schema_version": 0,
          "attributes": {
            "allowed_pattern": "",
            "arn": "arn:aws:ssm:us-east-1:978820380225:parameter/clixx/rds/password",
            "data_type": "text",
            "description": "CliXX Database Password",
            "has_value_wo": null,
            "id": "/clixx/rds/password",
            "insecure_value": null,
            "key_id": "alias/aws/ssm",
            "name": "/clixx/rds/password",
            "overwrite": null,
            "tags": {
              "Application": "CliXX",
              "Name": "clixx-db-password"
            },
            "tags_all": {
              "Application": "CliXX",
              "Environment": "Management",
              "ManagedBy": "Terraform",
              "Name": "clixx-db-password",
              "Project": "CliXX"
            },
            "tier": "Standard",
            "type": "SecureString",
            "value": "W3!come123",
            "value_wo": null,
            "value_wo_version": null,
            "version": 1
          },
          "sensitive_attributes": [
            [
              {
                "type": "get_attr",
                "value": "value"
              }
            ],
            [
              {
                "type": "get_attr",
                "value": "value_wo"
              }
            ]
          ],
          "identity_schema_version": 0,
          "private": "bnVsbA=="
        }
      ]
    },
    {
      "mode": "managed",
      "type": "aws_ssm_parameter",
      "name": "db_username",
      "provider": "provider[\"registry.terraform.io/hashicorp/aws\"]",
      "instances": [
        {
          "schema_version": 0,
          "attributes": {
            "allowed_pattern": "",
            "arn": "arn:aws:ssm:us-east-1:978820380225:parameter/clixx/rds/username",
            "data_type": "text",
            "description": "CliXX Database Username",
            "has_value_wo": null,
            "id": "/clixx/rds/username",
            "insecure_value": null,
            "key_id": "",
            "name": "/clixx/rds/username",
            "overwrite": null,
            "tags": {
              "Application": "CliXX",
              "Name": "clixx-db-username"
            },
            "tags_all": {
              "Application": "CliXX",
              "Environment": "Management",
              "ManagedBy": "Terraform",
              "Name": "clixx-db-username",
              "Project": "CliXX"
            },
            "tier": "Standard",
            "type": "String",
            "value": "wordpressuser",
            "value_wo": null,
            "value_wo_version": null,
            "version": 1
          },
          "sensitive_attributes": [
            [
              {
                "type": "get_attr",
                "value": "value"
              }
            ],
            [
              {
                "type": "get_attr",
                "value": "value_wo"
              }
            ]
          ],
          "identity_schema_version": 0,
          "private": "bnVsbA=="
        }
      ]
    },
    {
      "mode": "managed",
      "type": "aws_ssm_parameter",
      "name": "efs_id",
      "provider": "provider[\"registry.terraform.io/hashicorp/aws\"]",
      "instances": [
        {
          "schema_version": 0,
          "attributes": {
            "allowed_pattern": "",
            "arn": "arn:aws:ssm:us-east-1:978820380225:parameter/clixx/efs/id",
            "data_type": "text",
            "description": "CliXX EFS File System ID",
            "has_value_wo": null,
            "id": "/clixx/efs/id",
            "insecure_value": null,
            "key_id": "",
            "name": "/clixx/efs/id",
            "overwrite": null,
            "tags": {
              "Application": "CliXX",
              "Name": "clixx-efs-id"
            },
            "tags_all": {
              "Application": "CliXX",
              "Environment": "Management",
              "ManagedBy": "Terraform",
              "Name": "clixx-efs-id",
              "Project": "CliXX"
            },
            "tier": "Standard",
            "type": "String",
            "value": "fs-0fb6ced3bbd080cd7",
            "value_wo": null,
            "value_wo_version": null,
            "version": 2
          },
          "sensitive_attributes": [
            [
              {
                "type": "get_attr",
                "value": "value"
              }
            ],
            [
              {
                "type": "get_attr",
                "value": "value_wo"
              }
            ]
          ],
          "identity_schema_version": 0,
          "private": "bnVsbA==",
          "dependencies": [
            "aws_efs_file_system.main"
          ]
        }
      ]
    },
    {
      "mode": "managed",
      "type": "aws_ssm_parameter",
      "name": "rds_endpoint",
      "provider": "provider[\"registry.terraform.io/hashicorp/aws\"]",
      "instances": [
        {
          "schema_version": 0,
          "attributes": {
            "allowed_pattern": "",
            "arn": "arn:aws:ssm:us-east-1:978820380225:parameter/clixx/rds/endpoint",
            "data_type": "text",
            "description": "CliXX RDS Database Endpoint",
            "has_value_wo": null,
            "id": "/clixx/rds/endpoint",
            "insecure_value": null,
            "key_id": "",
            "name": "/clixx/rds/endpoint",
            "overwrite": null,
            "tags": {
              "Application": "CliXX",
              "Name": "clixx-rds-endpoint"
            },
            "tags_all": {
              "Application": "CliXX",
              "Environment": "Management",
              "ManagedBy": "Terraform",
              "Name": "clixx-rds-endpoint",
              "Project": "CliXX"
            },
            "tier": "Standard",
            "type": "String",
            "value": "clixx-db.cedq0gwwuj1n.us-east-1.rds.amazonaws.com:3306",
            "value_wo": null,
            "value_wo_version": null,
            "version": 2
          },
          "sensitive_attributes": [
            [
              {
                "type": "get_attr",
                "value": "value"
              }
            ],
            [
              {
                "type": "get_attr",
                "value": "value_wo"
              }
            ]
          ],
          "identity_schema_version": 0,
          "private": "bnVsbA==",
          "dependencies": [
            "aws_db_instance.main",
            "aws_db_subnet_group.main",
            "aws_security_group.alb",
            "aws_security_group.ec2",
            "aws_security_group.rds",
            "aws_subnet.subnet_1",
            "aws_subnet.subnet_2",
            "aws_vpc.main"
          ]
        }
      ]
    },
    {
      "mode": "managed",
      "type": "aws_subnet",
      "name": "subnet_1",
      "provider": "provider[\"registry.terraform.io/hashicorp/aws\"].dev",
      "instances": [
        {
          "schema_version": 1,
          "attributes": {
            "arn": "arn:aws:ec2:us-east-1:529206289534:subnet/subnet-021c2172ac6077ce0",
            "assign_ipv6_address_on_creation": false,
            "availability_zone": "us-east-1a",
            "availability_zone_id": "use1-az2",
            "cidr_block": "10.1.1.0/24",
            "customer_owned_ipv4_pool": "",
            "enable_dns64": false,
            "enable_lni_at_device_index": 0,
            "enable_resource_name_dns_a_record_on_launch": false,
            "enable_resource_name_dns_aaaa_record_on_launch": false,
            "id": "subnet-021c2172ac6077ce0",
            "ipv6_cidr_block": "",
            "ipv6_cidr_block_association_id": "",
            "ipv6_native": false,
            "map_customer_owned_ip_on_launch": false,
            "map_public_ip_on_launch": true,
            "outpost_arn": "",
            "owner_id": "529206289534",
            "private_dns_hostname_type_on_launch": "ip-name",
            "tags": {
              "Name": "clixx-subnet-1"
            },
            "tags_all": {
              "Environment": "Dev",
              "ManagedBy": "Terraform",
              "Name": "clixx-subnet-1",
              "Project": "CliXX"
            },
            "timeouts": null,
            "vpc_id": "vpc-0f927b38545cf1849"
          },
          "sensitive_attributes": [],
          "identity_schema_version": 0,
          "private": "eyJlMmJmYjczMC1lY2FhLTExZTYtOGY4OC0zNDM2M2JjN2M0YzAiOnsiY3JlYXRlIjo2MDAwMDAwMDAwMDAsImRlbGV0ZSI6MTIwMDAwMDAwMDAwMH0sInNjaGVtYV92ZXJzaW9uIjoiMSJ9",
          "dependencies": [
            "aws_vpc.main"
          ]
        }
      ]
    },
    {
      "mode": "managed",
      "type": "aws_subnet",
      "name": "subnet_2",
      "provider": "provider[\"registry.terraform.io/hashicorp/aws\"].dev",
      "instances": [
        {
          "schema_version": 1,
          "attributes": {
            "arn": "arn:aws:ec2:us-east-1:529206289534:subnet/subnet-010cf93a410dd7103",
            "assign_ipv6_address_on_creation": false,
            "availability_zone": "us-east-1b",
            "availability_zone_id": "use1-az4",
            "cidr_block": "10.1.2.0/24",
            "customer_owned_ipv4_pool": "",
            "enable_dns64": false,
            "enable_lni_at_device_index": 0,
            "enable_resource_name_dns_a_record_on_launch": false,
            "enable_resource_name_dns_aaaa_record_on_launch": false,
            "id": "subnet-010cf93a410dd7103",
            "ipv6_cidr_block": "",
            "ipv6_cidr_block_association_id": "",
            "ipv6_native": false,
            "map_customer_owned_ip_on_launch": false,
            "map_public_ip_on_launch": true,
            "outpost_arn": "",
            "owner_id": "529206289534",
            "private_dns_hostname_type_on_launch": "ip-name",
            "tags": {
              "Name": "clixx-subnet-2"
            },
            "tags_all": {
              "Environment": "Dev",
              "ManagedBy": "Terraform",
              "Name": "clixx-subnet-2",
              "Project": "CliXX"
            },
            "timeouts": null,
            "vpc_id": "vpc-0f927b38545cf1849"
          },
          "sensitive_attributes": [],
          "identity_schema_version": 0,
          "private": "eyJlMmJmYjczMC1lY2FhLTExZTYtOGY4OC0zNDM2M2JjN2M0YzAiOnsiY3JlYXRlIjo2MDAwMDAwMDAwMDAsImRlbGV0ZSI6MTIwMDAwMDAwMDAwMH0sInNjaGVtYV92ZXJzaW9uIjoiMSJ9",
          "dependencies": [
            "aws_vpc.main"
          ]
        }
      ]
    },
    {
      "mode": "managed",
      "type": "aws_vpc",
      "name": "main",
      "provider": "provider[\"registry.terraform.io/hashicorp/aws\"].dev",
      "instances": [
        {
          "schema_version": 1,
          "attributes": {
            "arn": "arn:aws:ec2:us-east-1:529206289534:vpc/vpc-0f927b38545cf1849",
            "assign_generated_ipv6_cidr_block": false,
            "cidr_block": "10.1.0.0/16",
            "default_network_acl_id": "acl-0e4c889b441a5f950",
            "default_route_table_id": "rtb-05634c865c2a28d7c",
            "default_security_group_id": "sg-040d7501647a4556a",
            "dhcp_options_id": "dopt-0c498d7c445380bdc",
            "enable_dns_hostnames": true,
            "enable_dns_support": true,
            "enable_network_address_usage_metrics": false,
            "id": "vpc-0f927b38545cf1849",
            "instance_tenancy": "default",
            "ipv4_ipam_pool_id": null,
            "ipv4_netmask_length": null,
            "ipv6_association_id": "",
            "ipv6_cidr_block": "",
            "ipv6_cidr_block_network_border_group": "",
            "ipv6_ipam_pool_id": "",
            "ipv6_netmask_length": 0,
            "main_route_table_id": "rtb-05634c865c2a28d7c",
            "owner_id": "529206289534",
            "tags": {
              "Name": "clixx-vpc"
            },
            "tags_all": {
              "Environment": "Dev",
              "ManagedBy": "Terraform",
              "Name": "clixx-vpc",
              "Project": "CliXX"
            }
          },
          "sensitive_attributes": [],
          "identity_schema_version": 0,
          "private": "eyJzY2hlbWFfdmVyc2lvbiI6IjEifQ=="
        }
      ]
    }
  ],
  "check_results": null
}
