{
  "version": 4,
  "terraform_version": "1.13.3",
  "serial": 7,
  "lineage": "658fca4c-b57c-730d-c97e-00e9b650ec61",
  "outputs": {
    "password": {
      "value": "wcFMA54abMdES0asARAAn+zQmBGp7gx8yHjCEKdiFS0tcZXukNjFZ8gjX45i4ubB0Vruqq47S1TpcqISjG2qEHDXg5EhA9Vyj8yu07SM4eAbjA2RPCKesH226pNb6OoyunoTUoD55CpF+gKLqt8Grf+gt+XfknuVAbaRQ7YUO8WTAHSZ1ttPoQmMuLRNHBGH2S+MyEnBIVJVvYlkd9xJeGb/Lguk+BpC1Ow2SWdsY+puDJOrFH8Bs3u3a/I7En2pUJ/QGHF00FwOqLzRr0epBz7EKWkcutKPdJzzVueSPIv5FXN3MBSdlGbVgzXNFs8h7GCo2yzoms+c3lGYe+9gjnjNNl6x92T1kwD2Cr1jKPdnQHYWcNXuGvzC+eDExBAN/3bLWkm8PX462bvAnsSVyO/mLqVSJs7RMTSw5gYXIUKDG+T2sm0hdJ+A/lOPZk6zNj/rIreNb8IxVnCiojSvCQkntdixZiqseFURj+chE4uqFeMTu+jYep8/tN/afBUF4FKqH4keFVDG3wSBDRqB/FDpBDFDBJ5WmBAtUcTlSPRgL1rJiYBkMss1Z2QCt2TWKoFtD9yExi7rcjlOy/SgLDzY6Fq1aXtl8uWAJQFi0Jq5evy25zlWUr2hGQTnvdbQGsmtyLoYjCTxBVz9Ha5JZplVyTa38fPjntH8fGk8vmg6TePpUUHjATT3UzrNbWfSRQGMov/zqrrm41WZDaJBPiAGkWUtk9DnfmyCzFUbXH73dbL6eicQuZHGwMNhCa7fovVSkAhTdk7f87HF9MTJiyCKUbAPRQ==",
      "type": "string"
    }
  },
  "resources": [
    {
      "mode": "managed",
      "type": "aws_iam_group",
      "name": "group",
      "provider": "provider[\"registry.terraform.io/hashicorp/aws\"]",
      "instances": [
        {
          "schema_version": 0,
          "attributes": {
            "arn": "arn:aws:iam::978820380225:group/stack-group",
            "id": "stack-group",
            "name": "stack-group",
            "path": "/",
            "unique_id": "AGPA6HZR5WZA2XFCPVXQW"
          },
          "sensitive_attributes": [],
          "identity_schema_version": 0,
          "private": "bnVsbA=="
        }
      ]
    },
    {
      "mode": "managed",
      "type": "aws_iam_group_membership",
      "name": "team",
      "provider": "provider[\"registry.terraform.io/hashicorp/aws\"]",
      "instances": [
        {
          "schema_version": 0,
          "attributes": {
            "group": "stack-group",
            "id": "stack-group-membership",
            "name": "stack-group-membership",
            "users": [
              "stackuser1"
            ]
          },
          "sensitive_attributes": [],
          "identity_schema_version": 0,
          "private": "bnVsbA==",
          "dependencies": [
            "aws_iam_group.group",
            "aws_iam_user.user"
          ]
        }
      ]
    },
    {
      "mode": "managed",
      "type": "aws_iam_policy",
      "name": "policy",
      "provider": "provider[\"registry.terraform.io/hashicorp/aws\"]",
      "instances": [
        {
          "schema_version": 0,
          "attributes": {
            "arn": "arn:aws:iam::978820380225:policy/stack-admin",
            "attachment_count": 0,
            "description": "A policy that gives admin access",
            "id": "arn:aws:iam::978820380225:policy/stack-admin",
            "name": "stack-admin",
            "name_prefix": "",
            "path": "/",
            "policy": "{\"Statement\":[{\"Action\":\"*\",\"Effect\":\"Allow\",\"Resource\":\"*\"}],\"Version\":\"2012-10-17\"}",
            "policy_id": "ANPA6HZR5WZATX3Y6JERG",
            "tags": null,
            "tags_all": {}
          },
          "sensitive_attributes": [],
          "identity_schema_version": 0,
          "identity": {
            "arn": "arn:aws:iam::978820380225:policy/stack-admin"
          },
          "private": "bnVsbA=="
        }
      ]
    },
    {
      "mode": "managed",
      "type": "aws_iam_policy_attachment",
      "name": "stack-attach",
      "provider": "provider[\"registry.terraform.io/hashicorp/aws\"]",
      "instances": [
        {
          "schema_version": 0,
          "attributes": {
            "groups": [
              "stack-group"
            ],
            "id": "stack-attachment",
            "name": "stack-attachment",
            "policy_arn": "arn:aws:iam::978820380225:policy/stack-admin",
            "roles": null,
            "users": null
          },
          "sensitive_attributes": [],
          "identity_schema_version": 0,
          "private": "bnVsbA==",
          "dependencies": [
            "aws_iam_group.group",
            "aws_iam_policy.policy"
          ]
        }
      ]
    },
    {
      "mode": "managed",
      "type": "aws_iam_user",
      "name": "user",
      "provider": "provider[\"registry.terraform.io/hashicorp/aws\"]",
      "instances": [
        {
          "schema_version": 0,
          "attributes": {
            "arn": "arn:aws:iam::978820380225:user/stackuser1",
            "force_destroy": true,
            "id": "stackuser1",
            "name": "stackuser1",
            "path": "/",
            "permissions_boundary": "",
            "tags": null,
            "tags_all": {},
            "unique_id": "AIDA6HZR5WZA74KB2FNEI"
          },
          "sensitive_attributes": [],
          "identity_schema_version": 0,
          "private": "bnVsbA=="
        }
      ]
    },
    {
      "mode": "managed",
      "type": "aws_iam_user_login_profile",
      "name": "log-prof",
      "provider": "provider[\"registry.terraform.io/hashicorp/aws\"]",
      "instances": [
        {
          "schema_version": 0,
          "attributes": {
            "encrypted_password": "wcFMA54abMdES0asARAAn+zQmBGp7gx8yHjCEKdiFS0tcZXukNjFZ8gjX45i4ubB0Vruqq47S1TpcqISjG2qEHDXg5EhA9Vyj8yu07SM4eAbjA2RPCKesH226pNb6OoyunoTUoD55CpF+gKLqt8Grf+gt+XfknuVAbaRQ7YUO8WTAHSZ1ttPoQmMuLRNHBGH2S+MyEnBIVJVvYlkd9xJeGb/Lguk+BpC1Ow2SWdsY+puDJOrFH8Bs3u3a/I7En2pUJ/QGHF00FwOqLzRr0epBz7EKWkcutKPdJzzVueSPIv5FXN3MBSdlGbVgzXNFs8h7GCo2yzoms+c3lGYe+9gjnjNNl6x92T1kwD2Cr1jKPdnQHYWcNXuGvzC+eDExBAN/3bLWkm8PX462bvAnsSVyO/mLqVSJs7RMTSw5gYXIUKDG+T2sm0hdJ+A/lOPZk6zNj/rIreNb8IxVnCiojSvCQkntdixZiqseFURj+chE4uqFeMTu+jYep8/tN/afBUF4FKqH4keFVDG3wSBDRqB/FDpBDFDBJ5WmBAtUcTlSPRgL1rJiYBkMss1Z2QCt2TWKoFtD9yExi7rcjlOy/SgLDzY6Fq1aXtl8uWAJQFi0Jq5evy25zlWUr2hGQTnvdbQGsmtyLoYjCTxBVz9Ha5JZplVyTa38fPjntH8fGk8vmg6TePpUUHjATT3UzrNbWfSRQGMov/zqrrm41WZDaJBPiAGkWUtk9DnfmyCzFUbXH73dbL6eicQuZHGwMNhCa7fovVSkAhTdk7f87HF9MTJiyCKUbAPRQ==",
            "id": "stackuser1",
            "key_fingerprint": "c4e37e67870a7af86891f869fe74e4475aa0e068",
            "password": null,
            "password_length": 20,
            "password_reset_required": null,
            "pgp_key": "keybase:stackenoch",
            "user": "stackuser1"
          },
          "sensitive_attributes": [
            [
              {
                "type": "get_attr",
                "value": "password"
              }
            ]
          ],
          "identity_schema_version": 0,
          "private": "bnVsbA==",
          "dependencies": [
            "aws_iam_user.user"
          ]
        }
      ]
    }
  ],
  "check_results": null
}
